
Microsoft Visual Studio Solution File, Format Version 12.00
# Visual Studio Version 17
VisualStudioVersion = 17.2.32630.192
MinimumVisualStudioVersion = 10.0.40219.1
Project("{8BC9CEB8-8B4A-11D0-8D11-00A0C91BC942}") = "EB_DZ_19", "EB_DZ_19\EB_DZ_19.vcxproj", "{F180DBE2-9752-4759-A559-4E65BACE7132}"
EndProject
Global
	GlobalSection(SolutionConfigurationPlatforms) = preSolution
		Debug|x64 = Debug|x64
		Debug|x86 = Debug|x86
		Release|x64 = Release|x64
		Release|x86 = Release|x86
	EndGlobalSection
	GlobalSection(ProjectConfigurationPlatforms) = postSolution
		{F180DBE2-9752-4759-A559-4E65BACE7132}.Debug|x64.ActiveCfg = Debug|x64
		{F180DBE2-9752-4759-A559-4E65BACE7132}.Debug|x64.Build.0 = Debug|x64
		{F180DBE2-9752-4759-A559-4E65BACE7132}.Debug|x86.ActiveCfg = Debug|Win32
		{F180DBE2-9752-4759-A559-4E65BACE7132}.Debug|x86.Build.0 = Debug|Win32
		{F180DBE2-9752-4759-A559-4E65BACE7132}.Release|x64.ActiveCfg = Release|x64
		{F180DBE2-9752-4759-A559-4E65BACE7132}.Release|x64.Build.0 = Release|x64
		{F180DBE2-9752-4759-A559-4E65BACE7132}.Release|x86.ActiveCfg = Release|Win32
		{F180DBE2-9752-4759-A559-4E65BACE7132}.Release|x86.Build.0 = Release|Win32
	EndGlobalSection
	GlobalSection(SolutionProperties) = preSolution
		HideSolutionNode = FALSE
	EndGlobalSection
	GlobalSection(ExtensibilityGlobals) = postSolution
		SolutionGuid = {0E845DAA-196A-433A-B9F9-2917883474EC}
	EndGlobalSection
EndGlobal
