
Microsoft Visual Studio Solution File, Format Version 12.00
# Visual Studio Version 17
VisualStudioVersion = 17.2.32630.192
MinimumVisualStudioVersion = 10.0.40219.1
Project("{888888A0-9F3D-457C-B088-3A5042F75D52}") = "EB_DZ_2", "EB_DZ_2\EB_DZ_2.pyproj", "{AFFDE22A-68D3-404D-B674-357D68478DDA}"
EndProject
Global
	GlobalSection(SolutionConfigurationPlatforms) = preSolution
		Debug|Any CPU = Debug|Any CPU
		Release|Any CPU = Release|Any CPU
	EndGlobalSection
	GlobalSection(ProjectConfigurationPlatforms) = postSolution
		{AFFDE22A-68D3-404D-B674-357D68478DDA}.Debug|Any CPU.ActiveCfg = Debug|Any CPU
		{AFFDE22A-68D3-404D-B674-357D68478DDA}.Release|Any CPU.ActiveCfg = Release|Any CPU
	EndGlobalSection
	GlobalSection(SolutionProperties) = preSolution
		HideSolutionNode = FALSE
	EndGlobalSection
	GlobalSection(ExtensibilityGlobals) = postSolution
		SolutionGuid = {70EEAC9F-4E05-46D4-8EEE-FC660C3465A1}
	EndGlobalSection
EndGlobal
