
Microsoft Visual Studio Solution File, Format Version 12.00
# Visual Studio Version 17
VisualStudioVersion = 17.2.32630.192
MinimumVisualStudioVersion = 10.0.40219.1
Project("{888888A0-9F3D-457C-B088-3A5042F75D52}") = "EB_DZ_4", "EB_DZ_4\EB_DZ_4.pyproj", "{DE1CA31D-7B0F-4004-8FB2-A77BF3EA5093}"
EndProject
Global
	GlobalSection(SolutionConfigurationPlatforms) = preSolution
		Debug|Any CPU = Debug|Any CPU
		Release|Any CPU = Release|Any CPU
	EndGlobalSection
	GlobalSection(ProjectConfigurationPlatforms) = postSolution
		{DE1CA31D-7B0F-4004-8FB2-A77BF3EA5093}.Debug|Any CPU.ActiveCfg = Debug|Any CPU
		{DE1CA31D-7B0F-4004-8FB2-A77BF3EA5093}.Release|Any CPU.ActiveCfg = Release|Any CPU
	EndGlobalSection
	GlobalSection(SolutionProperties) = preSolution
		HideSolutionNode = FALSE
	EndGlobalSection
	GlobalSection(ExtensibilityGlobals) = postSolution
		SolutionGuid = {CEB8437C-2ED8-4647-8ACD-DD8BBA083E0A}
	EndGlobalSection
EndGlobal
