
Microsoft Visual Studio Solution File, Format Version 12.00
# Visual Studio Version 17
VisualStudioVersion = 17.2.32630.192
MinimumVisualStudioVersion = 10.0.40219.1
Project("{888888A0-9F3D-457C-B088-3A5042F75D52}") = "EB_DZ_1", "EB_DZ_1\EB_DZ_1.pyproj", "{103FCD70-CEB7-4549-9178-314B938C8658}"
EndProject
Global
	GlobalSection(SolutionConfigurationPlatforms) = preSolution
		Debug|Any CPU = Debug|Any CPU
		Release|Any CPU = Release|Any CPU
	EndGlobalSection
	GlobalSection(ProjectConfigurationPlatforms) = postSolution
		{103FCD70-CEB7-4549-9178-314B938C8658}.Debug|Any CPU.ActiveCfg = Debug|Any CPU
		{103FCD70-CEB7-4549-9178-314B938C8658}.Release|Any CPU.ActiveCfg = Release|Any CPU
	EndGlobalSection
	GlobalSection(SolutionProperties) = preSolution
		HideSolutionNode = FALSE
	EndGlobalSection
	GlobalSection(ExtensibilityGlobals) = postSolution
		SolutionGuid = {65D495A4-BF1F-4C2C-AF82-8B943C2CA7A0}
	EndGlobalSection
EndGlobal
