
Microsoft Visual Studio Solution File, Format Version 12.00
# Visual Studio Version 17
VisualStudioVersion = 17.2.32630.192
MinimumVisualStudioVersion = 10.0.40219.1
Project("{888888A0-9F3D-457C-B088-3A5042F75D52}") = "EB_DZ_5", "EB_DZ_5\EB_DZ_5.pyproj", "{A8B0D4DE-E544-47DE-93BA-7E666E6202B2}"
EndProject
Global
	GlobalSection(SolutionConfigurationPlatforms) = preSolution
		Debug|Any CPU = Debug|Any CPU
		Release|Any CPU = Release|Any CPU
	EndGlobalSection
	GlobalSection(ProjectConfigurationPlatforms) = postSolution
		{A8B0D4DE-E544-47DE-93BA-7E666E6202B2}.Debug|Any CPU.ActiveCfg = Debug|Any CPU
		{A8B0D4DE-E544-47DE-93BA-7E666E6202B2}.Release|Any CPU.ActiveCfg = Release|Any CPU
	EndGlobalSection
	GlobalSection(SolutionProperties) = preSolution
		HideSolutionNode = FALSE
	EndGlobalSection
	GlobalSection(ExtensibilityGlobals) = postSolution
		SolutionGuid = {580A4BF8-140F-4040-8B45-53F62F80E7B5}
	EndGlobalSection
EndGlobal
